// !$*UTF8*$!
{
	archiveVersion = 1;
	classes = {
	};
	objectVersion = 50;
	objects = {

/* Begin PBXBuildFile section */
		AC15CBC9216BCDC6009007BC /* AppDelegate.swift in Sources */ = {isa = PBXBuildFile; fileRef = AC15CBC8216BCDC6009007BC /* AppDelegate.swift */; };
		AC15CBCB216BCDC6009007BC /* ViewController.swift in Sources */ = {isa = PBXBuildFile; fileRef = AC15CBCA216BCDC6009007BC /* ViewController.swift */; };
		AC15CBCE216BCDC6009007BC /* Main.storyboard in Resources */ = {isa = PBXBuildFile; fileRef = AC15CBCC216BCDC6009007BC /* Main.storyboard */; };
		AC15CBD0216BCDC9009007BC /* Assets.xcassets in Resources */ = {isa = PBXBuildFile; fileRef = AC15CBCF216BCDC9009007BC /* Assets.xcassets */; };
		AC15CBD3216BCDC9009007BC /* LaunchScreen.storyboard in Resources */ = {isa = PBXBuildFile; fileRef = AC15CBD1216BCDC9009007BC /* LaunchScreen.storyboard */; };
		AC15CBDE216BCDC9009007BC /* CalculatorTests.swift in Sources */ = {isa = PBXBuildFile; fileRef = AC15CBDD216BCDC9009007BC /* CalculatorTests.swift */; };
		AC15CBE9216BCDC9009007BC /* CalculatorUITests.swift in Sources */ = {isa = PBXBuildFile; fileRef = AC15CBE8216BCDC9009007BC /* CalculatorUITests.swift */; };
/* End PBXBuildFile section */

/* Begin PBXContainerItemProxy section */
		AC15CBDA216BCDC9009007BC /* PBXContainerItemProxy */ = {
			isa = PBXContainerItemProxy;
			containerPortal = AC15CBBD216BCDC6009007BC /* Project object */;
			proxyType = 1;
			remoteGlobalIDString = AC15CBC4216BCDC6009007BC;
			remoteInfo = Calculator;
		};
		AC15CBE5216BCDC9009007BC /* PBXContainerItemProxy */ = {
			isa = PBXContainerItemProxy;
			containerPortal = AC15CBBD216BCDC6009007BC /* Project object */;
			proxyType = 1;
			remoteGlobalIDString = AC15CBC4216BCDC6009007BC;
			remoteInfo = Calculator;
		};
/* End PBXContainerItemProxy section */

/* Begin PBXFileReference section */
		AC15CBC5216BCDC6009007BC /* Calculator.app */ = {isa = PBXFileReference; explicitFileType = wrapper.application; includeInIndex = 0; path = Calculator.app; sourceTree = BUILT_PRODUCTS_DIR; };
		AC15CBC8216BCDC6009007BC /* AppDelegate.swift */ = {isa = PBXFileReference; lastKnownFileType = sourcecode.swift; path = AppDelegate.swift; sourceTree = "<group>"; };
		AC15CBCA216BCDC6009007BC /* ViewController.swift */ = {isa = PBXFileReference; lastKnownFileType = sourcecode.swift; path = ViewController.swift; sourceTree = "<group>"; };
		AC15CBCD216BCDC6009007BC /* Base */ = {isa = PBXFileReference; lastKnownFileType = file.storyboard; name = Base; path = Base.lproj/Main.storyboard; sourceTree = "<group>"; };
		AC15CBCF216BCDC9009007BC /* Assets.xcassets */ = {isa = PBXFileReference; lastKnownFileType = folder.assetcatalog; path = Assets.xcassets; sourceTree = "<group>"; };
		AC15CBD2216BCDC9009007BC /* Base */ = {isa = PBXFileReference; lastKnownFileType = file.storyboard; name = Base; path = Base.lproj/LaunchScreen.storyboard; sourceTree = "<group>"; };
		AC15CBD4216BCDC9009007BC /* Info.plist */ = {isa = PBXFileReference; lastKnownFileType = text.plist.xml; path = Info.plist; sourceTree = "<group>"; };
		AC15CBD9216BCDC9009007BC /* CalculatorTests.xctest */ = {isa = PBXFileReference; explicitFileType = wrapper.cfbundle; includeInIndex = 0; path = CalculatorTests.xctest; sourceTree = BUILT_PRODUCTS_DIR; };
		AC15CBDD216BCDC9009007BC /* CalculatorTests.swift */ = {isa = PBXFileReference; lastKnownFileType = sourcecode.swift; path = CalculatorTests.swift; sourceTree = "<group>"; };
		AC15CBDF216BCDC9009007BC /* Info.plist */ = {isa = PBXFileReference; lastKnownFileType = text.plist.xml; path = Info.plist; sourceTree = "<group>"; };
		AC15CBE4216BCDC9009007BC /* CalculatorUITests.xctest */ = {isa = PBXFileReference; explicitFileType = wrapper.cfbundle; includeInIndex = 0; path = CalculatorUITests.xctest; sourceTree = BUILT_PRODUCTS_DIR; };
		AC15CBE8216BCDC9009007BC /* CalculatorUITests.swift */ = {isa = PBXFileReference; lastKnownFileType = sourcecode.swift; path = CalculatorUITests.swift; sourceTree = "<group>"; };
		AC15CBEA216BCDC9009007BC /* Info.plist */ = {isa = PBXFileReference; lastKnownFileType = text.plist.xml; path = Info.plist; sourceTree = "<group>"; };
/* End PBXFileReference section */

/* Begin PBXFrameworksBuildPhase section */
		AC15CBC2216BCDC6009007BC /* Frameworks */ = {
			isa = PBXFrameworksBuildPhase;
			buildActionMask = 2147483647;
			files = (
			);
			runOnlyForDeploymentPostprocessing = 0;
		};
		AC15CBD6216BCDC9009007BC /* Frameworks */ = {
			isa = PBXFrameworksBuildPhase;
			buildActionMask = 2147483647;
			files = (
			);
			runOnlyForDeploymentPostprocessing = 0;
		};
		AC15CBE1216BCDC9009007BC /* Frameworks */ = {
			isa = PBXFrameworksBuildPhase;
			buildActionMask = 2147483647;
			files = (
			);
			runOnlyForDeploymentPostprocessing = 0;
		};
/* End PBXFrameworksBuildPhase section */

/* Begin PBXGroup section */
		AC15CBBC216BCDC6009007BC = {
			isa = PBXGroup;
			children = (
				AC15CBC7216BCDC6009007BC /* Calculator */,
				AC15CBDC216BCDC9009007BC /* CalculatorTests */,
				AC15CBE7216BCDC9009007BC /* CalculatorUITests */,
				AC15CBC6216BCDC6009007BC /* Products */,
			);
			sourceTree = "<group>";
		};
		AC15CBC6216BCDC6009007BC /* Products */ = {
			isa = PBXGroup;
			children = (
				AC15CBC5216BCDC6009007BC /* Calculator.app */,
				AC15CBD9216BCDC9009007BC /* CalculatorTests.xctest */,
				AC15CBE4216BCDC9009007BC /* CalculatorUITests.xctest */,
			);
			name = Products;
			sourceTree = "<group>";
		};
		AC15CBC7216BCDC6009007BC /* Calculator */ = {
			isa = PBXGroup;
			children = (
				AC15CBC8216BCDC6009007BC /* AppDelegate.swift */,
				AC15CBCA216BCDC6009007BC /* ViewController.swift */,
				AC15CBCC216BCDC6009007BC /* Main.storyboard */,
				AC15CBCF216BCDC9009007BC /* Assets.xcassets */,
				AC15CBD1216BCDC9009007BC /* LaunchScreen.storyboard */,
				AC15CBD4216BCDC9009007BC /* Info.plist */,
			);
			path = Calculator;
			sourceTree = "<group>";
		};
		AC15CBDC216BCDC9009007BC /* CalculatorTests */ = {
			isa = PBXGroup;
			children = (
				AC15CBDD216BCDC9009007BC /* CalculatorTests.swift */,
				AC15CBDF216BCDC9009007BC /* Info.plist */,
			);
			path = CalculatorTests;
			sourceTree = "<group>";
		};
		AC15CBE7216BCDC9009007BC /* CalculatorUITests */ = {
			isa = PBXGroup;
			children = (
				AC15CBE8216BCDC9009007BC /* CalculatorUITests.swift */,
				AC15CBEA216BCDC9009007BC /* Info.plist */,
			);
			path = CalculatorUITests;
			sourceTree = "<group>";
		};
/* End PBXGroup section */

/* Begin PBXNativeTarget section */
		AC15CBC4216BCDC6009007BC /* Calculator */ = {
			isa = PBXNativeTarget;
			buildConfigurationList = AC15CBED216BCDC9009007BC /* Build configuration list for PBXNativeTarget "Calculator" */;
			buildPhases = (
				AC15CBC1216BCDC6009007BC /* Sources */,
				AC15CBC2216BCDC6009007BC /* Frameworks */,
				AC15CBC3216BCDC6009007BC /* Resources */,
			);
			buildRules = (
			);
			dependencies = (
			);
			name = Calculator;
			productName = Calculator;
			productReference = AC15CBC5216BCDC6009007BC /* Calculator.app */;
			productType = "com.apple.product-type.application";
		};
		AC15CBD8216BCDC9009007BC /* CalculatorTests */ = {
			isa = PBXNativeTarget;
			buildConfigurationList = AC15CBF0216BCDC9009007BC /* Build configuration list for PBXNativeTarget "CalculatorTests" */;
			buildPhases = (
				AC15CBD5216BCDC9009007BC /* Sources */,
				AC15CBD6216BCDC9009007BC /* Frameworks */,
				AC15CBD7216BCDC9009007BC /* Resources */,
			);
			buildRules = (
			);
			dependencies = (
				AC15CBDB216BCDC9009007BC /* PBXTargetDependency */,
			);
			name = CalculatorTests;
			productName = CalculatorTests;
			productReference = AC15CBD9216BCDC9009007BC /* CalculatorTests.xctest */;
			productType = "com.apple.product-type.bundle.unit-test";
		};
		AC15CBE3216BCDC9009007BC /* CalculatorUITests */ = {
			isa = PBXNativeTarget;
			buildConfigurationList = AC15CBF3216BCDC9009007BC /* Build configuration list for PBXNativeTarget "CalculatorUITests" */;
			buildPhases = (
				AC15CBE0216BCDC9009007BC /* Sources */,
				AC15CBE1216BCDC9009007BC /* Frameworks */,
				AC15CBE2216BCDC9009007BC /* Resources */,
			);
			buildRules = (
			);
			dependencies = (
				AC15CBE6216BCDC9009007BC /* PBXTargetDependency */,
			);
			name = CalculatorUITests;
			productName = CalculatorUITests;
			productReference = AC15CBE4216BCDC9009007BC /* CalculatorUITests.xctest */;
			productType = "com.apple.product-type.bundle.ui-testing";
		};
/* End PBXNativeTarget section */

/* Begin PBXProject section */
		AC15CBBD216BCDC6009007BC /* Project object */ = {
			isa = PBXProject;
			attributes = {
				LastSwiftUpdateCheck = 0940;
				LastUpgradeCheck = 0940;
				ORGANIZATIONNAME = "Usuario invitado";
				TargetAttributes = {
					AC15CBC4216BCDC6009007BC = {
						CreatedOnToolsVersion = 9.4.1;
					};
					AC15CBD8216BCDC9009007BC = {
						CreatedOnToolsVersion = 9.4.1;
						TestTargetID = AC15CBC4216BCDC6009007BC;
					};
					AC15CBE3216BCDC9009007BC = {
						CreatedOnToolsVersion = 9.4.1;
						TestTargetID = AC15CBC4216BCDC6009007BC;
					};
				};
			};
			buildConfigurationList = AC15CBC0216BCDC6009007BC /* Build configuration list for PBXProject "Calculator" */;
			compatibilityVersion = "Xcode 9.3";
			developmentRegion = en;
			hasScannedForEncodings = 0;
			knownRegions = (
				en,
				Base,
			);
			mainGroup = AC15CBBC216BCDC6009007BC;
			productRefGroup = AC15CBC6216BCDC6009007BC /* Products */;
			projectDirPath = "";
			projectRoot = "";
			targets = (
				AC15CBC4216BCDC6009007BC /* Calculator */,
				AC15CBD8216BCDC9009007BC /* CalculatorTests */,
				AC15CBE3216BCDC9009007BC /* CalculatorUITests */,
			);
		};
/* End PBXProject section */

/* Begin PBXResourcesBuildPhase section */
		AC15CBC3216BCDC6009007BC /* Resources */ = {
			isa = PBXResourcesBuildPhase;
			buildActionMask = 2147483647;
			files = (
				AC15CBD3216BCDC9009007BC /* LaunchScreen.storyboard in Resources */,
				AC15CBD0216BCDC9009007BC /* Assets.xcassets in Resources */,
				AC15CBCE216BCDC6009007BC /* Main.storyboard in Resources */,
			);
			runOnlyForDeploymentPostprocessing = 0;
		};
		AC15CBD7216BCDC9009007BC /* Resources */ = {
			isa = PBXResourcesBuildPhase;
			buildActionMask = 2147483647;
			files = (
			);
			runOnlyForDeploymentPostprocessing = 0;
		};
		AC15CBE2216BCDC9009007BC /* Resources */ = {
			isa = PBXResourcesBuildPhase;
			buildActionMask = 2147483647;
			files = (
			);
			runOnlyForDeploymentPostprocessing = 0;
		};
/* End PBXResourcesBuildPhase section */

/* Begin PBXSourcesBuildPhase section */
		AC15CBC1216BCDC6009007BC /* Sources */ = {
			isa = PBXSourcesBuildPhase;
			buildActionMask = 2147483647;
			files = (
				AC15CBCB216BCDC6009007BC /* ViewController.swift in Sources */,
				AC15CBC9216BCDC6009007BC /* AppDelegate.swift in Sources */,
			);
			runOnlyForDeploymentPostprocessing = 0;
		};
		AC15CBD5216BCDC9009007BC /* Sources */ = {
			isa = PBXSourcesBuildPhase;
			buildActionMask = 2147483647;
			files = (
				AC15CBDE216BCDC9009007BC /* CalculatorTests.swift in Sources */,
			);
			runOnlyForDeploymentPostprocessing = 0;
		};
		AC15CBE0216BCDC9009007BC /* Sources */ = {
			isa = PBXSourcesBuildPhase;
			buildActionMask = 2147483647;
			files = (
				AC15CBE9216BCDC9009007BC /* CalculatorUITests.swift in Sources */,
			);
			runOnlyForDeploymentPostprocessing = 0;
		};
/* End PBXSourcesBuildPhase section */

/* Begin PBXTargetDependency section */
		AC15CBDB216BCDC9009007BC /* PBXTargetDependency */ = {
			isa = PBXTargetDependency;
			target = AC15CBC4216BCDC6009007BC /* Calculator */;
			targetProxy = AC15CBDA216BCDC9009007BC /* PBXContainerItemProxy */;
		};
		AC15CBE6216BCDC9009007BC /* PBXTargetDependency */ = {
			isa = PBXTargetDependency;
			target = AC15CBC4216BCDC6009007BC /* Calculator */;
			targetProxy = AC15CBE5216BCDC9009007BC /* PBXContainerItemProxy */;
		};
/* End PBXTargetDependency section */

/* Begin PBXVariantGroup section */
		AC15CBCC216BCDC6009007BC /* Main.storyboard */ = {
			isa = PBXVariantGroup;
			children = (
				AC15CBCD216BCDC6009007BC /* Base */,
			);
			name = Main.storyboard;
			sourceTree = "<group>";
		};
		AC15CBD1216BCDC9009007BC /* LaunchScreen.storyboard */ = {
			isa = PBXVariantGroup;
			children = (
				AC15CBD2216BCDC9009007BC /* Base */,
			);
			name = LaunchScreen.storyboard;
			sourceTree = "<group>";
		};
/* End PBXVariantGroup section */

/* Begin XCBuildConfiguration section */
		AC15CBEB216BCDC9009007BC /* Debug */ = {
			isa = XCBuildConfiguration;
			buildSettings = {
				ALWAYS_SEARCH_USER_PATHS = NO;
				CLANG_ANALYZER_NONNULL = YES;
				CLANG_ANALYZER_NUMBER_OBJECT_CONVERSION = YES_AGGRESSIVE;
				CLANG_CXX_LANGUAGE_STANDARD = "gnu++14";
				CLANG_CXX_LIBRARY = "libc++";
				CLANG_ENABLE_MODULES = YES;
				CLANG_ENABLE_OBJC_ARC = YES;
				CLANG_ENABLE_OBJC_WEAK = YES;
				CLANG_WARN_BLOCK_CAPTURE_AUTORELEASING = YES;
				CLANG_WARN_BOOL_CONVERSION = YES;
				CLANG_WARN_COMMA = YES;
				CLANG_WARN_CONSTANT_CONVERSION = YES;
				CLANG_WARN_DEPRECATED_OBJC_IMPLEMENTATIONS = YES;
				CLANG_WARN_DIRECT_OBJC_ISA_USAGE = YES_ERROR;
				CLANG_WARN_DOCUMENTATION_COMMENTS = YES;
				CLANG_WARN_EMPTY_BODY = YES;
				CLANG_WARN_ENUM_CONVERSION = YES;
				CLANG_WARN_INFINITE_RECURSION = YES;
				CLANG_WARN_INT_CONVERSION = YES;
				CLANG_WARN_NON_LITERAL_NULL_CONVERSION = YES;
				CLANG_WARN_OBJC_IMPLICIT_RETAIN_SELF = YES;
				CLANG_WARN_OBJC_LITERAL_CONVERSION = YES;
				CLANG_WARN_OBJC_ROOT_CLASS = YES_ERROR;
				CLANG_WARN_RANGE_LOOP_ANALYSIS = YES;
				CLANG_WARN_STRICT_PROTOTYPES = YES;
				CLANG_WARN_SUSPICIOUS_MOVE = YES;
				CLANG_WARN_UNGUARDED_AVAILABILITY = YES_AGGRESSIVE;
				CLANG_WARN_UNREACHABLE_CODE = YES;
				CLANG_WARN__DUPLICATE_METHOD_MATCH = YES;
				CODE_SIGN_IDENTITY = "iPhone Developer";
				COPY_PHASE_STRIP = NO;
				DEBUG_INFORMATION_FORMAT = dwarf;
				ENABLE_STRICT_OBJC_MSGSEND = YES;
				ENABLE_TESTABILITY = YES;
				GCC_C_LANGUAGE_STANDARD = gnu11;
				GCC_DYNAMIC_NO_PIC = NO;
				GCC_NO_COMMON_BLOCKS = YES;
				GCC_OPTIMIZATION_LEVEL = 0;
				GCC_PREPROCESSOR_DEFINITIONS = (
					"DEBUG=1",
					"$(inherited)",
				);
				GCC_WARN_64_TO_32_BIT_CONVERSION = YES;
				GCC_WARN_ABOUT_RETURN_TYPE = YES_ERROR;
				GCC_WARN_UNDECLARED_SELECTOR = YES;
				GCC_WARN_UNINITIALIZED_AUTOS = YES_AGGRESSIVE;
				GCC_WARN_UNUSED_FUNCTION = YES;
				GCC_WARN_UNUSED_VARIABLE = YES;
				IPHONEOS_DEPLOYMENT_TARGET = 11.4;
				MTL_ENABLE_DEBUG_INFO = YES;
				ONLY_ACTIVE_ARCH = YES;
				SDKROOT = iphoneos;
				SWIFT_ACTIVE_COMPILATION_CONDITIONS = DEBUG;
				SWIFT_OPTIMIZATION_LEVEL = "-Onone";
			};
			name = Debug;
		};
		AC15CBEC216BCDC9009007BC /* Release */ = {
			isa = XCBuildConfiguration;
			buildSettings = {
				ALWAYS_SEARCH_USER_PATHS = NO;
				CLANG_ANALYZER_NONNULL = YES;
				CLANG_ANALYZER_NUMBER_OBJECT_CONVERSION = YES_AGGRESSIVE;
				CLANG_CXX_LANGUAGE_STANDARD = "gnu++14";
				CLANG_CXX_LIBRARY = "libc++";
				CLANG_ENABLE_MODULES = YES;
				CLANG_ENABLE_OBJC_ARC = YES;
				CLANG_ENABLE_OBJC_WEAK = YES;
				CLANG_WARN_BLOCK_CAPTURE_AUTORELEASING = YES;
				CLANG_WARN_BOOL_CONVERSION = YES;
				CLANG_WARN_COMMA = YES;
				CLANG_WARN_CONSTANT_CONVERSION = YES;
				CLANG_WARN_DEPRECATED_OBJC_IMPLEMENTATIONS = YES;
				CLANG_WARN_DIRECT_OBJC_ISA_USAGE = YES_ERROR;
				CLANG_WARN_DOCUMENTATION_COMMENTS = YES;
				CLANG_WARN_EMPTY_BODY = YES;
				CLANG_WARN_ENUM_CONVERSION = YES;
				CLANG_WARN_INFINITE_RECURSION = YES;
				CLANG_WARN_INT_CONVERSION = YES;
				CLANG_WARN_NON_LITERAL_NULL_CONVERSION = YES;
				CLANG_WARN_OBJC_IMPLICIT_RETAIN_SELF = YES;
				CLANG_WARN_OBJC_LITERAL_CONVERSION = YES;
				CLANG_WARN_OBJC_ROOT_CLASS = YES_ERROR;
				CLANG_WARN_RANGE_LOOP_ANALYSIS = YES;
				CLANG_WARN_STRICT_PROTOTYPES = YES;
				CLANG_WARN_SUSPICIOUS_MOVE = YES;
				CLANG_WARN_UNGUARDED_AVAILABILITY = YES_AGGRESSIVE;
				CLANG_WARN_UNREACHABLE_CODE = YES;
				CLANG_WARN__DUPLICATE_METHOD_MATCH = YES;
				CODE_SIGN_IDENTITY = "iPhone Developer";
				COPY_PHASE_STRIP = NO;
				DEBUG_INFORMATION_FORMAT = "dwarf-with-dsym";
				ENABLE_NS_ASSERTIONS = NO;
				ENABLE_STRICT_OBJC_MSGSEND = YES;
				GCC_C_LANGUAGE_STANDARD = gnu11;
				GCC_NO_COMMON_BLOCKS = YES;
				GCC_WARN_64_TO_32_BIT_CONVERSION = YES;
				GCC_WARN_ABOUT_RETURN_TYPE = YES_ERROR;
				GCC_WARN_UNDECLARED_SELECTOR = YES;
				GCC_WARN_UNINITIALIZED_AUTOS = YES_AGGRESSIVE;
				GCC_WARN_UNUSED_FUNCTION = YES;
				GCC_WARN_UNUSED_VARIABLE = YES;
				IPHONEOS_DEPLOYMENT_TARGET = 11.4;
				MTL_ENABLE_DEBUG_INFO = NO;
				SDKROOT = iphoneos;
				SWIFT_COMPILATION_MODE = wholemodule;
				SWIFT_OPTIMIZATION_LEVEL = "-O";
				VALIDATE_PRODUCT = YES;
			};
			name = Release;
		};
		AC15CBEE216BCDC9009007BC /* Debug */ = {
			isa = XCBuildConfiguration;
			buildSettings = {
				ASSETCATALOG_COMPILER_APPICON_NAME = AppIcon;
				CODE_SIGN_STYLE = Automatic;
				INFOPLIST_FILE = Calculator/Info.plist;
				LD_RUNPATH_SEARCH_PATHS = (
					"$(inherited)",
					"@executable_path/Frameworks",
				);
				PRODUCT_BUNDLE_IDENTIFIER = aollintoledo.Calculator;
				PRODUCT_NAME = "$(TARGET_NAME)";
				SWIFT_VERSION = 4.0;
				TARGETED_DEVICE_FAMILY = "1,2";
			};
			name = Debug;
		};
		AC15CBEF216BCDC9009007BC /* Release */ = {
			isa = XCBuildConfiguration;
			buildSettings = {
				ASSETCATALOG_COMPILER_APPICON_NAME = AppIcon;
				CODE_SIGN_STYLE = Automatic;
				INFOPLIST_FILE = Calculator/Info.plist;
				LD_RUNPATH_SEARCH_PATHS = (
					"$(inherited)",
					"@executable_path/Frameworks",
				);
				PRODUCT_BUNDLE_IDENTIFIER = aollintoledo.Calculator;
				PRODUCT_NAME = "$(TARGET_NAME)";
				SWIFT_VERSION = 4.0;
				TARGETED_DEVICE_FAMILY = "1,2";
			};
			name = Release;
		};
		AC15CBF1216BCDC9009007BC /* Debug */ = {
			isa = XCBuildConfiguration;
			buildSettings = {
				ALWAYS_EMBED_SWIFT_STANDARD_LIBRARIES = YES;
				BUNDLE_LOADER = "$(TEST_HOST)";
				CODE_SIGN_STYLE = Automatic;
				INFOPLIST_FILE = CalculatorTests/Info.plist;
				LD_RUNPATH_SEARCH_PATHS = (
					"$(inherited)",
					"@executable_path/Frameworks",
					"@loader_path/Frameworks",
				);
				PRODUCT_BUNDLE_IDENTIFIER = aollintoledo.CalculatorTests;
				PRODUCT_NAME = "$(TARGET_NAME)";
				SWIFT_VERSION = 4.0;
				TARGETED_DEVICE_FAMILY = "1,2";
				TEST_HOST = "$(BUILT_PRODUCTS_DIR)/Calculator.app/Calculator";
			};
			name = Debug;
		};
		AC15CBF2216BCDC9009007BC /* Release */ = {
			isa = XCBuildConfiguration;
			buildSettings = {
				ALWAYS_EMBED_SWIFT_STANDARD_LIBRARIES = YES;
				BUNDLE_LOADER = "$(TEST_HOST)";
				CODE_SIGN_STYLE = Automatic;
				INFOPLIST_FILE = CalculatorTests/Info.plist;
				LD_RUNPATH_SEARCH_PATHS = (
					"$(inherited)",
					"@executable_path/Frameworks",
					"@loader_path/Frameworks",
				);
				PRODUCT_BUNDLE_IDENTIFIER = aollintoledo.CalculatorTests;
				PRODUCT_NAME = "$(TARGET_NAME)";
				SWIFT_VERSION = 4.0;
				TARGETED_DEVICE_FAMILY = "1,2";
				TEST_HOST = "$(BUILT_PRODUCTS_DIR)/Calculator.app/Calculator";
			};
			name = Release;
		};
		AC15CBF4216BCDC9009007BC /* Debug */ = {
			isa = XCBuildConfiguration;
			buildSettings = {
				ALWAYS_EMBED_SWIFT_STANDARD_LIBRARIES = YES;
				CODE_SIGN_STYLE = Automatic;
				INFOPLIST_FILE = CalculatorUITests/Info.plist;
				LD_RUNPATH_SEARCH_PATHS = (
					"$(inherited)",
					"@executable_path/Frameworks",
					"@loader_path/Frameworks",
				);
				PRODUCT_BUNDLE_IDENTIFIER = aollintoledo.CalculatorUITests;
				PRODUCT_NAME = "$(TARGET_NAME)";
				SWIFT_VERSION = 4.0;
				TARGETED_DEVICE_FAMILY = "1,2";
				TEST_TARGET_NAME = Calculator;
			};
			name = Debug;
		};
		AC15CBF5216BCDC9009007BC /* Release */ = {
			isa = XCBuildConfiguration;
			buildSettings = {
				ALWAYS_EMBED_SWIFT_STANDARD_LIBRARIES = YES;
				CODE_SIGN_STYLE = Automatic;
				INFOPLIST_FILE = CalculatorUITests/Info.plist;
				LD_RUNPATH_SEARCH_PATHS = (
					"$(inherited)",
					"@executable_path/Frameworks",
					"@loader_path/Frameworks",
				);
				PRODUCT_BUNDLE_IDENTIFIER = aollintoledo.CalculatorUITests;
				PRODUCT_NAME = "$(TARGET_NAME)";
				SWIFT_VERSION = 4.0;
				TARGETED_DEVICE_FAMILY = "1,2";
				TEST_TARGET_NAME = Calculator;
			};
			name = Release;
		};
/* End XCBuildConfiguration section */

/* Begin XCConfigurationList section */
		AC15CBC0216BCDC6009007BC /* Build configuration list for PBXProject "Calculator" */ = {
			isa = XCConfigurationList;
			buildConfigurations = (
				AC15CBEB216BCDC9009007BC /* Debug */,
				AC15CBEC216BCDC9009007BC /* Release */,
			);
			defaultConfigurationIsVisible = 0;
			defaultConfigurationName = Release;
		};
		AC15CBED216BCDC9009007BC /* Build configuration list for PBXNativeTarget "Calculator" */ = {
			isa = XCConfigurationList;
			buildConfigurations = (
				AC15CBEE216BCDC9009007BC /* Debug */,
				AC15CBEF216BCDC9009007BC /* Release */,
			);
			defaultConfigurationIsVisible = 0;
			defaultConfigurationName = Release;
		};
		AC15CBF0216BCDC9009007BC /* Build configuration list for PBXNativeTarget "CalculatorTests" */ = {
			isa = XCConfigurationList;
			buildConfigurations = (
				AC15CBF1216BCDC9009007BC /* Debug */,
				AC15CBF2216BCDC9009007BC /* Release */,
			);
			defaultConfigurationIsVisible = 0;
			defaultConfigurationName = Release;
		};
		AC15CBF3216BCDC9009007BC /* Build configuration list for PBXNativeTarget "CalculatorUITests" */ = {
			isa = XCConfigurationList;
			buildConfigurations = (
				AC15CBF4216BCDC9009007BC /* Debug */,
				AC15CBF5216BCDC9009007BC /* Release */,
			);
			defaultConfigurationIsVisible = 0;
			defaultConfigurationName = Release;
		};
/* End XCConfigurationList section */
	};
	rootObject = AC15CBBD216BCDC6009007BC /* Project object */;
}
