// !$*UTF8*$!
{
	archiveVersion = 1;
	classes = {
	};
	objectVersion = 50;
	objects = {

/* Begin PBXBuildFile section */
		EC25EBD5218D673F00DBA7EB /* ToDoViewController.swift in Sources */ = {isa = PBXBuildFile; fileRef = EC25EBD4218D673F00DBA7EB /* ToDoViewController.swift */; };
		EC46FE6D217BE46800A73131 /* AppDelegate.swift in Sources */ = {isa = PBXBuildFile; fileRef = EC46FE6C217BE46800A73131 /* AppDelegate.swift */; };
		EC46FE72217BE46800A73131 /* Main.storyboard in Resources */ = {isa = PBXBuildFile; fileRef = EC46FE70217BE46800A73131 /* Main.storyboard */; };
		EC46FE74217BE46F00A73131 /* Assets.xcassets in Resources */ = {isa = PBXBuildFile; fileRef = EC46FE73217BE46F00A73131 /* Assets.xcassets */; };
		EC46FE77217BE46F00A73131 /* LaunchScreen.storyboard in Resources */ = {isa = PBXBuildFile; fileRef = EC46FE75217BE46F00A73131 /* LaunchScreen.storyboard */; };
		EC46FE82217BE46F00A73131 /* ToDoListTests.swift in Sources */ = {isa = PBXBuildFile; fileRef = EC46FE81217BE46F00A73131 /* ToDoListTests.swift */; };
		EC46FE8D217BE46F00A73131 /* ToDoListUITests.swift in Sources */ = {isa = PBXBuildFile; fileRef = EC46FE8C217BE46F00A73131 /* ToDoListUITests.swift */; };
		EC46FE9B217BE5E400A73131 /* ToDo.swift in Sources */ = {isa = PBXBuildFile; fileRef = EC46FE9A217BE5E400A73131 /* ToDo.swift */; };
		EC46FE9F217BE72C00A73131 /* TableViewController.swift in Sources */ = {isa = PBXBuildFile; fileRef = EC46FE9E217BE72C00A73131 /* TableViewController.swift */; };
/* End PBXBuildFile section */

/* Begin PBXContainerItemProxy section */
		EC46FE7E217BE46F00A73131 /* PBXContainerItemProxy */ = {
			isa = PBXContainerItemProxy;
			containerPortal = EC46FE61217BE46800A73131 /* Project object */;
			proxyType = 1;
			remoteGlobalIDString = EC46FE68217BE46800A73131;
			remoteInfo = ToDoList;
		};
		EC46FE89217BE46F00A73131 /* PBXContainerItemProxy */ = {
			isa = PBXContainerItemProxy;
			containerPortal = EC46FE61217BE46800A73131 /* Project object */;
			proxyType = 1;
			remoteGlobalIDString = EC46FE68217BE46800A73131;
			remoteInfo = ToDoList;
		};
/* End PBXContainerItemProxy section */

/* Begin PBXFileReference section */
		EC25EBD4218D673F00DBA7EB /* ToDoViewController.swift */ = {isa = PBXFileReference; lastKnownFileType = sourcecode.swift; path = ToDoViewController.swift; sourceTree = "<group>"; };
		EC46FE69217BE46800A73131 /* ToDoList.app */ = {isa = PBXFileReference; explicitFileType = wrapper.application; includeInIndex = 0; path = ToDoList.app; sourceTree = BUILT_PRODUCTS_DIR; };
		EC46FE6C217BE46800A73131 /* AppDelegate.swift */ = {isa = PBXFileReference; lastKnownFileType = sourcecode.swift; path = AppDelegate.swift; sourceTree = "<group>"; };
		EC46FE71217BE46800A73131 /* Base */ = {isa = PBXFileReference; lastKnownFileType = file.storyboard; name = Base; path = Base.lproj/Main.storyboard; sourceTree = "<group>"; };
		EC46FE73217BE46F00A73131 /* Assets.xcassets */ = {isa = PBXFileReference; lastKnownFileType = folder.assetcatalog; path = Assets.xcassets; sourceTree = "<group>"; };
		EC46FE76217BE46F00A73131 /* Base */ = {isa = PBXFileReference; lastKnownFileType = file.storyboard; name = Base; path = Base.lproj/LaunchScreen.storyboard; sourceTree = "<group>"; };
		EC46FE78217BE46F00A73131 /* Info.plist */ = {isa = PBXFileReference; lastKnownFileType = text.plist.xml; path = Info.plist; sourceTree = "<group>"; };
		EC46FE7D217BE46F00A73131 /* ToDoListTests.xctest */ = {isa = PBXFileReference; explicitFileType = wrapper.cfbundle; includeInIndex = 0; path = ToDoListTests.xctest; sourceTree = BUILT_PRODUCTS_DIR; };
		EC46FE81217BE46F00A73131 /* ToDoListTests.swift */ = {isa = PBXFileReference; lastKnownFileType = sourcecode.swift; path = ToDoListTests.swift; sourceTree = "<group>"; };
		EC46FE83217BE46F00A73131 /* Info.plist */ = {isa = PBXFileReference; lastKnownFileType = text.plist.xml; path = Info.plist; sourceTree = "<group>"; };
		EC46FE88217BE46F00A73131 /* ToDoListUITests.xctest */ = {isa = PBXFileReference; explicitFileType = wrapper.cfbundle; includeInIndex = 0; path = ToDoListUITests.xctest; sourceTree = BUILT_PRODUCTS_DIR; };
		EC46FE8C217BE46F00A73131 /* ToDoListUITests.swift */ = {isa = PBXFileReference; lastKnownFileType = sourcecode.swift; path = ToDoListUITests.swift; sourceTree = "<group>"; };
		EC46FE8E217BE46F00A73131 /* Info.plist */ = {isa = PBXFileReference; lastKnownFileType = text.plist.xml; path = Info.plist; sourceTree = "<group>"; };
		EC46FE9A217BE5E400A73131 /* ToDo.swift */ = {isa = PBXFileReference; lastKnownFileType = sourcecode.swift; path = ToDo.swift; sourceTree = "<group>"; };
		EC46FE9E217BE72C00A73131 /* TableViewController.swift */ = {isa = PBXFileReference; lastKnownFileType = sourcecode.swift; path = TableViewController.swift; sourceTree = "<group>"; };
/* End PBXFileReference section */

/* Begin PBXFrameworksBuildPhase section */
		EC46FE66217BE46800A73131 /* Frameworks */ = {
			isa = PBXFrameworksBuildPhase;
			buildActionMask = 2147483647;
			files = (
			);
			runOnlyForDeploymentPostprocessing = 0;
		};
		EC46FE7A217BE46F00A73131 /* Frameworks */ = {
			isa = PBXFrameworksBuildPhase;
			buildActionMask = 2147483647;
			files = (
			);
			runOnlyForDeploymentPostprocessing = 0;
		};
		EC46FE85217BE46F00A73131 /* Frameworks */ = {
			isa = PBXFrameworksBuildPhase;
			buildActionMask = 2147483647;
			files = (
			);
			runOnlyForDeploymentPostprocessing = 0;
		};
/* End PBXFrameworksBuildPhase section */

/* Begin PBXGroup section */
		EC46FE60217BE46800A73131 = {
			isa = PBXGroup;
			children = (
				EC46FE6B217BE46800A73131 /* ToDoList */,
				EC46FE80217BE46F00A73131 /* ToDoListTests */,
				EC46FE8B217BE46F00A73131 /* ToDoListUITests */,
				EC46FE6A217BE46800A73131 /* Products */,
			);
			sourceTree = "<group>";
		};
		EC46FE6A217BE46800A73131 /* Products */ = {
			isa = PBXGroup;
			children = (
				EC46FE69217BE46800A73131 /* ToDoList.app */,
				EC46FE7D217BE46F00A73131 /* ToDoListTests.xctest */,
				EC46FE88217BE46F00A73131 /* ToDoListUITests.xctest */,
			);
			name = Products;
			sourceTree = "<group>";
		};
		EC46FE6B217BE46800A73131 /* ToDoList */ = {
			isa = PBXGroup;
			children = (
				EC46FE9E217BE72C00A73131 /* TableViewController.swift */,
				EC46FE6C217BE46800A73131 /* AppDelegate.swift */,
				EC46FE70217BE46800A73131 /* Main.storyboard */,
				EC46FE9A217BE5E400A73131 /* ToDo.swift */,
				EC25EBD4218D673F00DBA7EB /* ToDoViewController.swift */,
				EC46FE73217BE46F00A73131 /* Assets.xcassets */,
				EC46FE75217BE46F00A73131 /* LaunchScreen.storyboard */,
				EC46FE78217BE46F00A73131 /* Info.plist */,
			);
			path = ToDoList;
			sourceTree = "<group>";
		};
		EC46FE80217BE46F00A73131 /* ToDoListTests */ = {
			isa = PBXGroup;
			children = (
				EC46FE81217BE46F00A73131 /* ToDoListTests.swift */,
				EC46FE83217BE46F00A73131 /* Info.plist */,
			);
			path = ToDoListTests;
			sourceTree = "<group>";
		};
		EC46FE8B217BE46F00A73131 /* ToDoListUITests */ = {
			isa = PBXGroup;
			children = (
				EC46FE8C217BE46F00A73131 /* ToDoListUITests.swift */,
				EC46FE8E217BE46F00A73131 /* Info.plist */,
			);
			path = ToDoListUITests;
			sourceTree = "<group>";
		};
/* End PBXGroup section */

/* Begin PBXNativeTarget section */
		EC46FE68217BE46800A73131 /* ToDoList */ = {
			isa = PBXNativeTarget;
			buildConfigurationList = EC46FE91217BE46F00A73131 /* Build configuration list for PBXNativeTarget "ToDoList" */;
			buildPhases = (
				EC46FE65217BE46800A73131 /* Sources */,
				EC46FE66217BE46800A73131 /* Frameworks */,
				EC46FE67217BE46800A73131 /* Resources */,
			);
			buildRules = (
			);
			dependencies = (
			);
			name = ToDoList;
			productName = ToDoList;
			productReference = EC46FE69217BE46800A73131 /* ToDoList.app */;
			productType = "com.apple.product-type.application";
		};
		EC46FE7C217BE46F00A73131 /* ToDoListTests */ = {
			isa = PBXNativeTarget;
			buildConfigurationList = EC46FE94217BE46F00A73131 /* Build configuration list for PBXNativeTarget "ToDoListTests" */;
			buildPhases = (
				EC46FE79217BE46F00A73131 /* Sources */,
				EC46FE7A217BE46F00A73131 /* Frameworks */,
				EC46FE7B217BE46F00A73131 /* Resources */,
			);
			buildRules = (
			);
			dependencies = (
				EC46FE7F217BE46F00A73131 /* PBXTargetDependency */,
			);
			name = ToDoListTests;
			productName = ToDoListTests;
			productReference = EC46FE7D217BE46F00A73131 /* ToDoListTests.xctest */;
			productType = "com.apple.product-type.bundle.unit-test";
		};
		EC46FE87217BE46F00A73131 /* ToDoListUITests */ = {
			isa = PBXNativeTarget;
			buildConfigurationList = EC46FE97217BE46F00A73131 /* Build configuration list for PBXNativeTarget "ToDoListUITests" */;
			buildPhases = (
				EC46FE84217BE46F00A73131 /* Sources */,
				EC46FE85217BE46F00A73131 /* Frameworks */,
				EC46FE86217BE46F00A73131 /* Resources */,
			);
			buildRules = (
			);
			dependencies = (
				EC46FE8A217BE46F00A73131 /* PBXTargetDependency */,
			);
			name = ToDoListUITests;
			productName = ToDoListUITests;
			productReference = EC46FE88217BE46F00A73131 /* ToDoListUITests.xctest */;
			productType = "com.apple.product-type.bundle.ui-testing";
		};
/* End PBXNativeTarget section */

/* Begin PBXProject section */
		EC46FE61217BE46800A73131 /* Project object */ = {
			isa = PBXProject;
			attributes = {
				LastSwiftUpdateCheck = 0940;
				LastUpgradeCheck = 0940;
				ORGANIZATIONNAME = "Aketzally Toledo";
				TargetAttributes = {
					EC46FE68217BE46800A73131 = {
						CreatedOnToolsVersion = 9.4.1;
					};
					EC46FE7C217BE46F00A73131 = {
						CreatedOnToolsVersion = 9.4.1;
						TestTargetID = EC46FE68217BE46800A73131;
					};
					EC46FE87217BE46F00A73131 = {
						CreatedOnToolsVersion = 9.4.1;
						TestTargetID = EC46FE68217BE46800A73131;
					};
				};
			};
			buildConfigurationList = EC46FE64217BE46800A73131 /* Build configuration list for PBXProject "ToDoList" */;
			compatibilityVersion = "Xcode 9.3";
			developmentRegion = en;
			hasScannedForEncodings = 0;
			knownRegions = (
				en,
				Base,
			);
			mainGroup = EC46FE60217BE46800A73131;
			productRefGroup = EC46FE6A217BE46800A73131 /* Products */;
			projectDirPath = "";
			projectRoot = "";
			targets = (
				EC46FE68217BE46800A73131 /* ToDoList */,
				EC46FE7C217BE46F00A73131 /* ToDoListTests */,
				EC46FE87217BE46F00A73131 /* ToDoListUITests */,
			);
		};
/* End PBXProject section */

/* Begin PBXResourcesBuildPhase section */
		EC46FE67217BE46800A73131 /* Resources */ = {
			isa = PBXResourcesBuildPhase;
			buildActionMask = 2147483647;
			files = (
				EC46FE77217BE46F00A73131 /* LaunchScreen.storyboard in Resources */,
				EC46FE74217BE46F00A73131 /* Assets.xcassets in Resources */,
				EC46FE72217BE46800A73131 /* Main.storyboard in Resources */,
			);
			runOnlyForDeploymentPostprocessing = 0;
		};
		EC46FE7B217BE46F00A73131 /* Resources */ = {
			isa = PBXResourcesBuildPhase;
			buildActionMask = 2147483647;
			files = (
			);
			runOnlyForDeploymentPostprocessing = 0;
		};
		EC46FE86217BE46F00A73131 /* Resources */ = {
			isa = PBXResourcesBuildPhase;
			buildActionMask = 2147483647;
			files = (
			);
			runOnlyForDeploymentPostprocessing = 0;
		};
/* End PBXResourcesBuildPhase section */

/* Begin PBXSourcesBuildPhase section */
		EC46FE65217BE46800A73131 /* Sources */ = {
			isa = PBXSourcesBuildPhase;
			buildActionMask = 2147483647;
			files = (
				EC25EBD5218D673F00DBA7EB /* ToDoViewController.swift in Sources */,
				EC46FE6D217BE46800A73131 /* AppDelegate.swift in Sources */,
				EC46FE9F217BE72C00A73131 /* TableViewController.swift in Sources */,
				EC46FE9B217BE5E400A73131 /* ToDo.swift in Sources */,
			);
			runOnlyForDeploymentPostprocessing = 0;
		};
		EC46FE79217BE46F00A73131 /* Sources */ = {
			isa = PBXSourcesBuildPhase;
			buildActionMask = 2147483647;
			files = (
				EC46FE82217BE46F00A73131 /* ToDoListTests.swift in Sources */,
			);
			runOnlyForDeploymentPostprocessing = 0;
		};
		EC46FE84217BE46F00A73131 /* Sources */ = {
			isa = PBXSourcesBuildPhase;
			buildActionMask = 2147483647;
			files = (
				EC46FE8D217BE46F00A73131 /* ToDoListUITests.swift in Sources */,
			);
			runOnlyForDeploymentPostprocessing = 0;
		};
/* End PBXSourcesBuildPhase section */

/* Begin PBXTargetDependency section */
		EC46FE7F217BE46F00A73131 /* PBXTargetDependency */ = {
			isa = PBXTargetDependency;
			target = EC46FE68217BE46800A73131 /* ToDoList */;
			targetProxy = EC46FE7E217BE46F00A73131 /* PBXContainerItemProxy */;
		};
		EC46FE8A217BE46F00A73131 /* PBXTargetDependency */ = {
			isa = PBXTargetDependency;
			target = EC46FE68217BE46800A73131 /* ToDoList */;
			targetProxy = EC46FE89217BE46F00A73131 /* PBXContainerItemProxy */;
		};
/* End PBXTargetDependency section */

/* Begin PBXVariantGroup section */
		EC46FE70217BE46800A73131 /* Main.storyboard */ = {
			isa = PBXVariantGroup;
			children = (
				EC46FE71217BE46800A73131 /* Base */,
			);
			name = Main.storyboard;
			sourceTree = "<group>";
		};
		EC46FE75217BE46F00A73131 /* LaunchScreen.storyboard */ = {
			isa = PBXVariantGroup;
			children = (
				EC46FE76217BE46F00A73131 /* Base */,
			);
			name = LaunchScreen.storyboard;
			sourceTree = "<group>";
		};
/* End PBXVariantGroup section */

/* Begin XCBuildConfiguration section */
		EC46FE8F217BE46F00A73131 /* Debug */ = {
			isa = XCBuildConfiguration;
			buildSettings = {
				ALWAYS_SEARCH_USER_PATHS = NO;
				CLANG_ANALYZER_NONNULL = YES;
				CLANG_ANALYZER_NUMBER_OBJECT_CONVERSION = YES_AGGRESSIVE;
				CLANG_CXX_LANGUAGE_STANDARD = "gnu++14";
				CLANG_CXX_LIBRARY = "libc++";
				CLANG_ENABLE_MODULES = YES;
				CLANG_ENABLE_OBJC_ARC = YES;
				CLANG_ENABLE_OBJC_WEAK = YES;
				CLANG_WARN_BLOCK_CAPTURE_AUTORELEASING = YES;
				CLANG_WARN_BOOL_CONVERSION = YES;
				CLANG_WARN_COMMA = YES;
				CLANG_WARN_CONSTANT_CONVERSION = YES;
				CLANG_WARN_DEPRECATED_OBJC_IMPLEMENTATIONS = YES;
				CLANG_WARN_DIRECT_OBJC_ISA_USAGE = YES_ERROR;
				CLANG_WARN_DOCUMENTATION_COMMENTS = YES;
				CLANG_WARN_EMPTY_BODY = YES;
				CLANG_WARN_ENUM_CONVERSION = YES;
				CLANG_WARN_INFINITE_RECURSION = YES;
				CLANG_WARN_INT_CONVERSION = YES;
				CLANG_WARN_NON_LITERAL_NULL_CONVERSION = YES;
				CLANG_WARN_OBJC_IMPLICIT_RETAIN_SELF = YES;
				CLANG_WARN_OBJC_LITERAL_CONVERSION = YES;
				CLANG_WARN_OBJC_ROOT_CLASS = YES_ERROR;
				CLANG_WARN_RANGE_LOOP_ANALYSIS = YES;
				CLANG_WARN_STRICT_PROTOTYPES = YES;
				CLANG_WARN_SUSPICIOUS_MOVE = YES;
				CLANG_WARN_UNGUARDED_AVAILABILITY = YES_AGGRESSIVE;
				CLANG_WARN_UNREACHABLE_CODE = YES;
				CLANG_WARN__DUPLICATE_METHOD_MATCH = YES;
				CODE_SIGN_IDENTITY = "iPhone Developer";
				COPY_PHASE_STRIP = NO;
				DEBUG_INFORMATION_FORMAT = dwarf;
				ENABLE_STRICT_OBJC_MSGSEND = YES;
				ENABLE_TESTABILITY = YES;
				GCC_C_LANGUAGE_STANDARD = gnu11;
				GCC_DYNAMIC_NO_PIC = NO;
				GCC_NO_COMMON_BLOCKS = YES;
				GCC_OPTIMIZATION_LEVEL = 0;
				GCC_PREPROCESSOR_DEFINITIONS = (
					"DEBUG=1",
					"$(inherited)",
				);
				GCC_WARN_64_TO_32_BIT_CONVERSION = YES;
				GCC_WARN_ABOUT_RETURN_TYPE = YES_ERROR;
				GCC_WARN_UNDECLARED_SELECTOR = YES;
				GCC_WARN_UNINITIALIZED_AUTOS = YES_AGGRESSIVE;
				GCC_WARN_UNUSED_FUNCTION = YES;
				GCC_WARN_UNUSED_VARIABLE = YES;
				IPHONEOS_DEPLOYMENT_TARGET = 11.4;
				MTL_ENABLE_DEBUG_INFO = YES;
				ONLY_ACTIVE_ARCH = YES;
				SDKROOT = iphoneos;
				SWIFT_ACTIVE_COMPILATION_CONDITIONS = DEBUG;
				SWIFT_OPTIMIZATION_LEVEL = "-Onone";
			};
			name = Debug;
		};
		EC46FE90217BE46F00A73131 /* Release */ = {
			isa = XCBuildConfiguration;
			buildSettings = {
				ALWAYS_SEARCH_USER_PATHS = NO;
				CLANG_ANALYZER_NONNULL = YES;
				CLANG_ANALYZER_NUMBER_OBJECT_CONVERSION = YES_AGGRESSIVE;
				CLANG_CXX_LANGUAGE_STANDARD = "gnu++14";
				CLANG_CXX_LIBRARY = "libc++";
				CLANG_ENABLE_MODULES = YES;
				CLANG_ENABLE_OBJC_ARC = YES;
				CLANG_ENABLE_OBJC_WEAK = YES;
				CLANG_WARN_BLOCK_CAPTURE_AUTORELEASING = YES;
				CLANG_WARN_BOOL_CONVERSION = YES;
				CLANG_WARN_COMMA = YES;
				CLANG_WARN_CONSTANT_CONVERSION = YES;
				CLANG_WARN_DEPRECATED_OBJC_IMPLEMENTATIONS = YES;
				CLANG_WARN_DIRECT_OBJC_ISA_USAGE = YES_ERROR;
				CLANG_WARN_DOCUMENTATION_COMMENTS = YES;
				CLANG_WARN_EMPTY_BODY = YES;
				CLANG_WARN_ENUM_CONVERSION = YES;
				CLANG_WARN_INFINITE_RECURSION = YES;
				CLANG_WARN_INT_CONVERSION = YES;
				CLANG_WARN_NON_LITERAL_NULL_CONVERSION = YES;
				CLANG_WARN_OBJC_IMPLICIT_RETAIN_SELF = YES;
				CLANG_WARN_OBJC_LITERAL_CONVERSION = YES;
				CLANG_WARN_OBJC_ROOT_CLASS = YES_ERROR;
				CLANG_WARN_RANGE_LOOP_ANALYSIS = YES;
				CLANG_WARN_STRICT_PROTOTYPES = YES;
				CLANG_WARN_SUSPICIOUS_MOVE = YES;
				CLANG_WARN_UNGUARDED_AVAILABILITY = YES_AGGRESSIVE;
				CLANG_WARN_UNREACHABLE_CODE = YES;
				CLANG_WARN__DUPLICATE_METHOD_MATCH = YES;
				CODE_SIGN_IDENTITY = "iPhone Developer";
				COPY_PHASE_STRIP = NO;
				DEBUG_INFORMATION_FORMAT = "dwarf-with-dsym";
				ENABLE_NS_ASSERTIONS = NO;
				ENABLE_STRICT_OBJC_MSGSEND = YES;
				GCC_C_LANGUAGE_STANDARD = gnu11;
				GCC_NO_COMMON_BLOCKS = YES;
				GCC_WARN_64_TO_32_BIT_CONVERSION = YES;
				GCC_WARN_ABOUT_RETURN_TYPE = YES_ERROR;
				GCC_WARN_UNDECLARED_SELECTOR = YES;
				GCC_WARN_UNINITIALIZED_AUTOS = YES_AGGRESSIVE;
				GCC_WARN_UNUSED_FUNCTION = YES;
				GCC_WARN_UNUSED_VARIABLE = YES;
				IPHONEOS_DEPLOYMENT_TARGET = 11.4;
				MTL_ENABLE_DEBUG_INFO = NO;
				SDKROOT = iphoneos;
				SWIFT_COMPILATION_MODE = wholemodule;
				SWIFT_OPTIMIZATION_LEVEL = "-O";
				VALIDATE_PRODUCT = YES;
			};
			name = Release;
		};
		EC46FE92217BE46F00A73131 /* Debug */ = {
			isa = XCBuildConfiguration;
			buildSettings = {
				ASSETCATALOG_COMPILER_APPICON_NAME = AppIcon;
				CODE_SIGN_STYLE = Automatic;
				INFOPLIST_FILE = ToDoList/Info.plist;
				LD_RUNPATH_SEARCH_PATHS = (
					"$(inherited)",
					"@executable_path/Frameworks",
				);
				PRODUCT_BUNDLE_IDENTIFIER = aollintoledo.ToDoList;
				PRODUCT_NAME = "$(TARGET_NAME)";
				SWIFT_VERSION = 4.0;
				TARGETED_DEVICE_FAMILY = "1,2";
			};
			name = Debug;
		};
		EC46FE93217BE46F00A73131 /* Release */ = {
			isa = XCBuildConfiguration;
			buildSettings = {
				ASSETCATALOG_COMPILER_APPICON_NAME = AppIcon;
				CODE_SIGN_STYLE = Automatic;
				INFOPLIST_FILE = ToDoList/Info.plist;
				LD_RUNPATH_SEARCH_PATHS = (
					"$(inherited)",
					"@executable_path/Frameworks",
				);
				PRODUCT_BUNDLE_IDENTIFIER = aollintoledo.ToDoList;
				PRODUCT_NAME = "$(TARGET_NAME)";
				SWIFT_VERSION = 4.0;
				TARGETED_DEVICE_FAMILY = "1,2";
			};
			name = Release;
		};
		EC46FE95217BE46F00A73131 /* Debug */ = {
			isa = XCBuildConfiguration;
			buildSettings = {
				ALWAYS_EMBED_SWIFT_STANDARD_LIBRARIES = YES;
				BUNDLE_LOADER = "$(TEST_HOST)";
				CODE_SIGN_STYLE = Automatic;
				INFOPLIST_FILE = ToDoListTests/Info.plist;
				LD_RUNPATH_SEARCH_PATHS = (
					"$(inherited)",
					"@executable_path/Frameworks",
					"@loader_path/Frameworks",
				);
				PRODUCT_BUNDLE_IDENTIFIER = aollintoledo.ToDoListTests;
				PRODUCT_NAME = "$(TARGET_NAME)";
				SWIFT_VERSION = 4.0;
				TARGETED_DEVICE_FAMILY = "1,2";
				TEST_HOST = "$(BUILT_PRODUCTS_DIR)/ToDoList.app/ToDoList";
			};
			name = Debug;
		};
		EC46FE96217BE46F00A73131 /* Release */ = {
			isa = XCBuildConfiguration;
			buildSettings = {
				ALWAYS_EMBED_SWIFT_STANDARD_LIBRARIES = YES;
				BUNDLE_LOADER = "$(TEST_HOST)";
				CODE_SIGN_STYLE = Automatic;
				INFOPLIST_FILE = ToDoListTests/Info.plist;
				LD_RUNPATH_SEARCH_PATHS = (
					"$(inherited)",
					"@executable_path/Frameworks",
					"@loader_path/Frameworks",
				);
				PRODUCT_BUNDLE_IDENTIFIER = aollintoledo.ToDoListTests;
				PRODUCT_NAME = "$(TARGET_NAME)";
				SWIFT_VERSION = 4.0;
				TARGETED_DEVICE_FAMILY = "1,2";
				TEST_HOST = "$(BUILT_PRODUCTS_DIR)/ToDoList.app/ToDoList";
			};
			name = Release;
		};
		EC46FE98217BE46F00A73131 /* Debug */ = {
			isa = XCBuildConfiguration;
			buildSettings = {
				ALWAYS_EMBED_SWIFT_STANDARD_LIBRARIES = YES;
				CODE_SIGN_STYLE = Automatic;
				INFOPLIST_FILE = ToDoListUITests/Info.plist;
				LD_RUNPATH_SEARCH_PATHS = (
					"$(inherited)",
					"@executable_path/Frameworks",
					"@loader_path/Frameworks",
				);
				PRODUCT_BUNDLE_IDENTIFIER = aollintoledo.ToDoListUITests;
				PRODUCT_NAME = "$(TARGET_NAME)";
				SWIFT_VERSION = 4.0;
				TARGETED_DEVICE_FAMILY = "1,2";
				TEST_TARGET_NAME = ToDoList;
			};
			name = Debug;
		};
		EC46FE99217BE46F00A73131 /* Release */ = {
			isa = XCBuildConfiguration;
			buildSettings = {
				ALWAYS_EMBED_SWIFT_STANDARD_LIBRARIES = YES;
				CODE_SIGN_STYLE = Automatic;
				INFOPLIST_FILE = ToDoListUITests/Info.plist;
				LD_RUNPATH_SEARCH_PATHS = (
					"$(inherited)",
					"@executable_path/Frameworks",
					"@loader_path/Frameworks",
				);
				PRODUCT_BUNDLE_IDENTIFIER = aollintoledo.ToDoListUITests;
				PRODUCT_NAME = "$(TARGET_NAME)";
				SWIFT_VERSION = 4.0;
				TARGETED_DEVICE_FAMILY = "1,2";
				TEST_TARGET_NAME = ToDoList;
			};
			name = Release;
		};
/* End XCBuildConfiguration section */

/* Begin XCConfigurationList section */
		EC46FE64217BE46800A73131 /* Build configuration list for PBXProject "ToDoList" */ = {
			isa = XCConfigurationList;
			buildConfigurations = (
				EC46FE8F217BE46F00A73131 /* Debug */,
				EC46FE90217BE46F00A73131 /* Release */,
			);
			defaultConfigurationIsVisible = 0;
			defaultConfigurationName = Release;
		};
		EC46FE91217BE46F00A73131 /* Build configuration list for PBXNativeTarget "ToDoList" */ = {
			isa = XCConfigurationList;
			buildConfigurations = (
				EC46FE92217BE46F00A73131 /* Debug */,
				EC46FE93217BE46F00A73131 /* Release */,
			);
			defaultConfigurationIsVisible = 0;
			defaultConfigurationName = Release;
		};
		EC46FE94217BE46F00A73131 /* Build configuration list for PBXNativeTarget "ToDoListTests" */ = {
			isa = XCConfigurationList;
			buildConfigurations = (
				EC46FE95217BE46F00A73131 /* Debug */,
				EC46FE96217BE46F00A73131 /* Release */,
			);
			defaultConfigurationIsVisible = 0;
			defaultConfigurationName = Release;
		};
		EC46FE97217BE46F00A73131 /* Build configuration list for PBXNativeTarget "ToDoListUITests" */ = {
			isa = XCConfigurationList;
			buildConfigurations = (
				EC46FE98217BE46F00A73131 /* Debug */,
				EC46FE99217BE46F00A73131 /* Release */,
			);
			defaultConfigurationIsVisible = 0;
			defaultConfigurationName = Release;
		};
/* End XCConfigurationList section */
	};
	rootObject = EC46FE61217BE46800A73131 /* Project object */;
}
