// !$*UTF8*$!
{
	archiveVersion = 1;
	classes = {
	};
	objectVersion = 50;
	objects = {

/* Begin PBXBuildFile section */
		AC7F154C2165277E00C74F0A /* AppDelegate.swift in Sources */ = {isa = PBXBuildFile; fileRef = AC7F154B2165277E00C74F0A /* AppDelegate.swift */; };
		AC7F154E2165277E00C74F0A /* ViewController.swift in Sources */ = {isa = PBXBuildFile; fileRef = AC7F154D2165277E00C74F0A /* ViewController.swift */; };
		AC7F15512165277E00C74F0A /* Main.storyboard in Resources */ = {isa = PBXBuildFile; fileRef = AC7F154F2165277E00C74F0A /* Main.storyboard */; };
		AC7F15532165277F00C74F0A /* Assets.xcassets in Resources */ = {isa = PBXBuildFile; fileRef = AC7F15522165277F00C74F0A /* Assets.xcassets */; };
		AC7F15562165277F00C74F0A /* LaunchScreen.storyboard in Resources */ = {isa = PBXBuildFile; fileRef = AC7F15542165277F00C74F0A /* LaunchScreen.storyboard */; };
		AC7F15612165277F00C74F0A /* TableViewTests.swift in Sources */ = {isa = PBXBuildFile; fileRef = AC7F15602165277F00C74F0A /* TableViewTests.swift */; };
		AC7F156C2165277F00C74F0A /* TableViewUITests.swift in Sources */ = {isa = PBXBuildFile; fileRef = AC7F156B2165277F00C74F0A /* TableViewUITests.swift */; };
/* End PBXBuildFile section */

/* Begin PBXContainerItemProxy section */
		AC7F155D2165277F00C74F0A /* PBXContainerItemProxy */ = {
			isa = PBXContainerItemProxy;
			containerPortal = AC7F15402165277E00C74F0A /* Project object */;
			proxyType = 1;
			remoteGlobalIDString = AC7F15472165277E00C74F0A;
			remoteInfo = TableView;
		};
		AC7F15682165277F00C74F0A /* PBXContainerItemProxy */ = {
			isa = PBXContainerItemProxy;
			containerPortal = AC7F15402165277E00C74F0A /* Project object */;
			proxyType = 1;
			remoteGlobalIDString = AC7F15472165277E00C74F0A;
			remoteInfo = TableView;
		};
/* End PBXContainerItemProxy section */

/* Begin PBXFileReference section */
		AC7F15482165277E00C74F0A /* TableView.app */ = {isa = PBXFileReference; explicitFileType = wrapper.application; includeInIndex = 0; path = TableView.app; sourceTree = BUILT_PRODUCTS_DIR; };
		AC7F154B2165277E00C74F0A /* AppDelegate.swift */ = {isa = PBXFileReference; lastKnownFileType = sourcecode.swift; path = AppDelegate.swift; sourceTree = "<group>"; };
		AC7F154D2165277E00C74F0A /* ViewController.swift */ = {isa = PBXFileReference; lastKnownFileType = sourcecode.swift; path = ViewController.swift; sourceTree = "<group>"; };
		AC7F15502165277E00C74F0A /* Base */ = {isa = PBXFileReference; lastKnownFileType = file.storyboard; name = Base; path = Base.lproj/Main.storyboard; sourceTree = "<group>"; };
		AC7F15522165277F00C74F0A /* Assets.xcassets */ = {isa = PBXFileReference; lastKnownFileType = folder.assetcatalog; path = Assets.xcassets; sourceTree = "<group>"; };
		AC7F15552165277F00C74F0A /* Base */ = {isa = PBXFileReference; lastKnownFileType = file.storyboard; name = Base; path = Base.lproj/LaunchScreen.storyboard; sourceTree = "<group>"; };
		AC7F15572165277F00C74F0A /* Info.plist */ = {isa = PBXFileReference; lastKnownFileType = text.plist.xml; path = Info.plist; sourceTree = "<group>"; };
		AC7F155C2165277F00C74F0A /* TableViewTests.xctest */ = {isa = PBXFileReference; explicitFileType = wrapper.cfbundle; includeInIndex = 0; path = TableViewTests.xctest; sourceTree = BUILT_PRODUCTS_DIR; };
		AC7F15602165277F00C74F0A /* TableViewTests.swift */ = {isa = PBXFileReference; lastKnownFileType = sourcecode.swift; path = TableViewTests.swift; sourceTree = "<group>"; };
		AC7F15622165277F00C74F0A /* Info.plist */ = {isa = PBXFileReference; lastKnownFileType = text.plist.xml; path = Info.plist; sourceTree = "<group>"; };
		AC7F15672165277F00C74F0A /* TableViewUITests.xctest */ = {isa = PBXFileReference; explicitFileType = wrapper.cfbundle; includeInIndex = 0; path = TableViewUITests.xctest; sourceTree = BUILT_PRODUCTS_DIR; };
		AC7F156B2165277F00C74F0A /* TableViewUITests.swift */ = {isa = PBXFileReference; lastKnownFileType = sourcecode.swift; path = TableViewUITests.swift; sourceTree = "<group>"; };
		AC7F156D2165277F00C74F0A /* Info.plist */ = {isa = PBXFileReference; lastKnownFileType = text.plist.xml; path = Info.plist; sourceTree = "<group>"; };
/* End PBXFileReference section */

/* Begin PBXFrameworksBuildPhase section */
		AC7F15452165277E00C74F0A /* Frameworks */ = {
			isa = PBXFrameworksBuildPhase;
			buildActionMask = 2147483647;
			files = (
			);
			runOnlyForDeploymentPostprocessing = 0;
		};
		AC7F15592165277F00C74F0A /* Frameworks */ = {
			isa = PBXFrameworksBuildPhase;
			buildActionMask = 2147483647;
			files = (
			);
			runOnlyForDeploymentPostprocessing = 0;
		};
		AC7F15642165277F00C74F0A /* Frameworks */ = {
			isa = PBXFrameworksBuildPhase;
			buildActionMask = 2147483647;
			files = (
			);
			runOnlyForDeploymentPostprocessing = 0;
		};
/* End PBXFrameworksBuildPhase section */

/* Begin PBXGroup section */
		AC7F153F2165277E00C74F0A = {
			isa = PBXGroup;
			children = (
				AC7F154A2165277E00C74F0A /* TableView */,
				AC7F155F2165277F00C74F0A /* TableViewTests */,
				AC7F156A2165277F00C74F0A /* TableViewUITests */,
				AC7F15492165277E00C74F0A /* Products */,
			);
			sourceTree = "<group>";
		};
		AC7F15492165277E00C74F0A /* Products */ = {
			isa = PBXGroup;
			children = (
				AC7F15482165277E00C74F0A /* TableView.app */,
				AC7F155C2165277F00C74F0A /* TableViewTests.xctest */,
				AC7F15672165277F00C74F0A /* TableViewUITests.xctest */,
			);
			name = Products;
			sourceTree = "<group>";
		};
		AC7F154A2165277E00C74F0A /* TableView */ = {
			isa = PBXGroup;
			children = (
				AC7F154B2165277E00C74F0A /* AppDelegate.swift */,
				AC7F154D2165277E00C74F0A /* ViewController.swift */,
				AC7F154F2165277E00C74F0A /* Main.storyboard */,
				AC7F15522165277F00C74F0A /* Assets.xcassets */,
				AC7F15542165277F00C74F0A /* LaunchScreen.storyboard */,
				AC7F15572165277F00C74F0A /* Info.plist */,
			);
			path = TableView;
			sourceTree = "<group>";
		};
		AC7F155F2165277F00C74F0A /* TableViewTests */ = {
			isa = PBXGroup;
			children = (
				AC7F15602165277F00C74F0A /* TableViewTests.swift */,
				AC7F15622165277F00C74F0A /* Info.plist */,
			);
			path = TableViewTests;
			sourceTree = "<group>";
		};
		AC7F156A2165277F00C74F0A /* TableViewUITests */ = {
			isa = PBXGroup;
			children = (
				AC7F156B2165277F00C74F0A /* TableViewUITests.swift */,
				AC7F156D2165277F00C74F0A /* Info.plist */,
			);
			path = TableViewUITests;
			sourceTree = "<group>";
		};
/* End PBXGroup section */

/* Begin PBXNativeTarget section */
		AC7F15472165277E00C74F0A /* TableView */ = {
			isa = PBXNativeTarget;
			buildConfigurationList = AC7F15702165277F00C74F0A /* Build configuration list for PBXNativeTarget "TableView" */;
			buildPhases = (
				AC7F15442165277E00C74F0A /* Sources */,
				AC7F15452165277E00C74F0A /* Frameworks */,
				AC7F15462165277E00C74F0A /* Resources */,
			);
			buildRules = (
			);
			dependencies = (
			);
			name = TableView;
			productName = TableView;
			productReference = AC7F15482165277E00C74F0A /* TableView.app */;
			productType = "com.apple.product-type.application";
		};
		AC7F155B2165277F00C74F0A /* TableViewTests */ = {
			isa = PBXNativeTarget;
			buildConfigurationList = AC7F15732165277F00C74F0A /* Build configuration list for PBXNativeTarget "TableViewTests" */;
			buildPhases = (
				AC7F15582165277F00C74F0A /* Sources */,
				AC7F15592165277F00C74F0A /* Frameworks */,
				AC7F155A2165277F00C74F0A /* Resources */,
			);
			buildRules = (
			);
			dependencies = (
				AC7F155E2165277F00C74F0A /* PBXTargetDependency */,
			);
			name = TableViewTests;
			productName = TableViewTests;
			productReference = AC7F155C2165277F00C74F0A /* TableViewTests.xctest */;
			productType = "com.apple.product-type.bundle.unit-test";
		};
		AC7F15662165277F00C74F0A /* TableViewUITests */ = {
			isa = PBXNativeTarget;
			buildConfigurationList = AC7F15762165277F00C74F0A /* Build configuration list for PBXNativeTarget "TableViewUITests" */;
			buildPhases = (
				AC7F15632165277F00C74F0A /* Sources */,
				AC7F15642165277F00C74F0A /* Frameworks */,
				AC7F15652165277F00C74F0A /* Resources */,
			);
			buildRules = (
			);
			dependencies = (
				AC7F15692165277F00C74F0A /* PBXTargetDependency */,
			);
			name = TableViewUITests;
			productName = TableViewUITests;
			productReference = AC7F15672165277F00C74F0A /* TableViewUITests.xctest */;
			productType = "com.apple.product-type.bundle.ui-testing";
		};
/* End PBXNativeTarget section */

/* Begin PBXProject section */
		AC7F15402165277E00C74F0A /* Project object */ = {
			isa = PBXProject;
			attributes = {
				LastSwiftUpdateCheck = 0940;
				LastUpgradeCheck = 0940;
				ORGANIZATIONNAME = "Usuario invitado";
				TargetAttributes = {
					AC7F15472165277E00C74F0A = {
						CreatedOnToolsVersion = 9.4.1;
					};
					AC7F155B2165277F00C74F0A = {
						CreatedOnToolsVersion = 9.4.1;
						TestTargetID = AC7F15472165277E00C74F0A;
					};
					AC7F15662165277F00C74F0A = {
						CreatedOnToolsVersion = 9.4.1;
						TestTargetID = AC7F15472165277E00C74F0A;
					};
				};
			};
			buildConfigurationList = AC7F15432165277E00C74F0A /* Build configuration list for PBXProject "TableView" */;
			compatibilityVersion = "Xcode 9.3";
			developmentRegion = en;
			hasScannedForEncodings = 0;
			knownRegions = (
				en,
				Base,
			);
			mainGroup = AC7F153F2165277E00C74F0A;
			productRefGroup = AC7F15492165277E00C74F0A /* Products */;
			projectDirPath = "";
			projectRoot = "";
			targets = (
				AC7F15472165277E00C74F0A /* TableView */,
				AC7F155B2165277F00C74F0A /* TableViewTests */,
				AC7F15662165277F00C74F0A /* TableViewUITests */,
			);
		};
/* End PBXProject section */

/* Begin PBXResourcesBuildPhase section */
		AC7F15462165277E00C74F0A /* Resources */ = {
			isa = PBXResourcesBuildPhase;
			buildActionMask = 2147483647;
			files = (
				AC7F15562165277F00C74F0A /* LaunchScreen.storyboard in Resources */,
				AC7F15532165277F00C74F0A /* Assets.xcassets in Resources */,
				AC7F15512165277E00C74F0A /* Main.storyboard in Resources */,
			);
			runOnlyForDeploymentPostprocessing = 0;
		};
		AC7F155A2165277F00C74F0A /* Resources */ = {
			isa = PBXResourcesBuildPhase;
			buildActionMask = 2147483647;
			files = (
			);
			runOnlyForDeploymentPostprocessing = 0;
		};
		AC7F15652165277F00C74F0A /* Resources */ = {
			isa = PBXResourcesBuildPhase;
			buildActionMask = 2147483647;
			files = (
			);
			runOnlyForDeploymentPostprocessing = 0;
		};
/* End PBXResourcesBuildPhase section */

/* Begin PBXSourcesBuildPhase section */
		AC7F15442165277E00C74F0A /* Sources */ = {
			isa = PBXSourcesBuildPhase;
			buildActionMask = 2147483647;
			files = (
				AC7F154E2165277E00C74F0A /* ViewController.swift in Sources */,
				AC7F154C2165277E00C74F0A /* AppDelegate.swift in Sources */,
			);
			runOnlyForDeploymentPostprocessing = 0;
		};
		AC7F15582165277F00C74F0A /* Sources */ = {
			isa = PBXSourcesBuildPhase;
			buildActionMask = 2147483647;
			files = (
				AC7F15612165277F00C74F0A /* TableViewTests.swift in Sources */,
			);
			runOnlyForDeploymentPostprocessing = 0;
		};
		AC7F15632165277F00C74F0A /* Sources */ = {
			isa = PBXSourcesBuildPhase;
			buildActionMask = 2147483647;
			files = (
				AC7F156C2165277F00C74F0A /* TableViewUITests.swift in Sources */,
			);
			runOnlyForDeploymentPostprocessing = 0;
		};
/* End PBXSourcesBuildPhase section */

/* Begin PBXTargetDependency section */
		AC7F155E2165277F00C74F0A /* PBXTargetDependency */ = {
			isa = PBXTargetDependency;
			target = AC7F15472165277E00C74F0A /* TableView */;
			targetProxy = AC7F155D2165277F00C74F0A /* PBXContainerItemProxy */;
		};
		AC7F15692165277F00C74F0A /* PBXTargetDependency */ = {
			isa = PBXTargetDependency;
			target = AC7F15472165277E00C74F0A /* TableView */;
			targetProxy = AC7F15682165277F00C74F0A /* PBXContainerItemProxy */;
		};
/* End PBXTargetDependency section */

/* Begin PBXVariantGroup section */
		AC7F154F2165277E00C74F0A /* Main.storyboard */ = {
			isa = PBXVariantGroup;
			children = (
				AC7F15502165277E00C74F0A /* Base */,
			);
			name = Main.storyboard;
			sourceTree = "<group>";
		};
		AC7F15542165277F00C74F0A /* LaunchScreen.storyboard */ = {
			isa = PBXVariantGroup;
			children = (
				AC7F15552165277F00C74F0A /* Base */,
			);
			name = LaunchScreen.storyboard;
			sourceTree = "<group>";
		};
/* End PBXVariantGroup section */

/* Begin XCBuildConfiguration section */
		AC7F156E2165277F00C74F0A /* Debug */ = {
			isa = XCBuildConfiguration;
			buildSettings = {
				ALWAYS_SEARCH_USER_PATHS = NO;
				CLANG_ANALYZER_NONNULL = YES;
				CLANG_ANALYZER_NUMBER_OBJECT_CONVERSION = YES_AGGRESSIVE;
				CLANG_CXX_LANGUAGE_STANDARD = "gnu++14";
				CLANG_CXX_LIBRARY = "libc++";
				CLANG_ENABLE_MODULES = YES;
				CLANG_ENABLE_OBJC_ARC = YES;
				CLANG_ENABLE_OBJC_WEAK = YES;
				CLANG_WARN_BLOCK_CAPTURE_AUTORELEASING = YES;
				CLANG_WARN_BOOL_CONVERSION = YES;
				CLANG_WARN_COMMA = YES;
				CLANG_WARN_CONSTANT_CONVERSION = YES;
				CLANG_WARN_DEPRECATED_OBJC_IMPLEMENTATIONS = YES;
				CLANG_WARN_DIRECT_OBJC_ISA_USAGE = YES_ERROR;
				CLANG_WARN_DOCUMENTATION_COMMENTS = YES;
				CLANG_WARN_EMPTY_BODY = YES;
				CLANG_WARN_ENUM_CONVERSION = YES;
				CLANG_WARN_INFINITE_RECURSION = YES;
				CLANG_WARN_INT_CONVERSION = YES;
				CLANG_WARN_NON_LITERAL_NULL_CONVERSION = YES;
				CLANG_WARN_OBJC_IMPLICIT_RETAIN_SELF = YES;
				CLANG_WARN_OBJC_LITERAL_CONVERSION = YES;
				CLANG_WARN_OBJC_ROOT_CLASS = YES_ERROR;
				CLANG_WARN_RANGE_LOOP_ANALYSIS = YES;
				CLANG_WARN_STRICT_PROTOTYPES = YES;
				CLANG_WARN_SUSPICIOUS_MOVE = YES;
				CLANG_WARN_UNGUARDED_AVAILABILITY = YES_AGGRESSIVE;
				CLANG_WARN_UNREACHABLE_CODE = YES;
				CLANG_WARN__DUPLICATE_METHOD_MATCH = YES;
				CODE_SIGN_IDENTITY = "iPhone Developer";
				COPY_PHASE_STRIP = NO;
				DEBUG_INFORMATION_FORMAT = dwarf;
				ENABLE_STRICT_OBJC_MSGSEND = YES;
				ENABLE_TESTABILITY = YES;
				GCC_C_LANGUAGE_STANDARD = gnu11;
				GCC_DYNAMIC_NO_PIC = NO;
				GCC_NO_COMMON_BLOCKS = YES;
				GCC_OPTIMIZATION_LEVEL = 0;
				GCC_PREPROCESSOR_DEFINITIONS = (
					"DEBUG=1",
					"$(inherited)",
				);
				GCC_WARN_64_TO_32_BIT_CONVERSION = YES;
				GCC_WARN_ABOUT_RETURN_TYPE = YES_ERROR;
				GCC_WARN_UNDECLARED_SELECTOR = YES;
				GCC_WARN_UNINITIALIZED_AUTOS = YES_AGGRESSIVE;
				GCC_WARN_UNUSED_FUNCTION = YES;
				GCC_WARN_UNUSED_VARIABLE = YES;
				IPHONEOS_DEPLOYMENT_TARGET = 11.4;
				MTL_ENABLE_DEBUG_INFO = YES;
				ONLY_ACTIVE_ARCH = YES;
				SDKROOT = iphoneos;
				SWIFT_ACTIVE_COMPILATION_CONDITIONS = DEBUG;
				SWIFT_OPTIMIZATION_LEVEL = "-Onone";
			};
			name = Debug;
		};
		AC7F156F2165277F00C74F0A /* Release */ = {
			isa = XCBuildConfiguration;
			buildSettings = {
				ALWAYS_SEARCH_USER_PATHS = NO;
				CLANG_ANALYZER_NONNULL = YES;
				CLANG_ANALYZER_NUMBER_OBJECT_CONVERSION = YES_AGGRESSIVE;
				CLANG_CXX_LANGUAGE_STANDARD = "gnu++14";
				CLANG_CXX_LIBRARY = "libc++";
				CLANG_ENABLE_MODULES = YES;
				CLANG_ENABLE_OBJC_ARC = YES;
				CLANG_ENABLE_OBJC_WEAK = YES;
				CLANG_WARN_BLOCK_CAPTURE_AUTORELEASING = YES;
				CLANG_WARN_BOOL_CONVERSION = YES;
				CLANG_WARN_COMMA = YES;
				CLANG_WARN_CONSTANT_CONVERSION = YES;
				CLANG_WARN_DEPRECATED_OBJC_IMPLEMENTATIONS = YES;
				CLANG_WARN_DIRECT_OBJC_ISA_USAGE = YES_ERROR;
				CLANG_WARN_DOCUMENTATION_COMMENTS = YES;
				CLANG_WARN_EMPTY_BODY = YES;
				CLANG_WARN_ENUM_CONVERSION = YES;
				CLANG_WARN_INFINITE_RECURSION = YES;
				CLANG_WARN_INT_CONVERSION = YES;
				CLANG_WARN_NON_LITERAL_NULL_CONVERSION = YES;
				CLANG_WARN_OBJC_IMPLICIT_RETAIN_SELF = YES;
				CLANG_WARN_OBJC_LITERAL_CONVERSION = YES;
				CLANG_WARN_OBJC_ROOT_CLASS = YES_ERROR;
				CLANG_WARN_RANGE_LOOP_ANALYSIS = YES;
				CLANG_WARN_STRICT_PROTOTYPES = YES;
				CLANG_WARN_SUSPICIOUS_MOVE = YES;
				CLANG_WARN_UNGUARDED_AVAILABILITY = YES_AGGRESSIVE;
				CLANG_WARN_UNREACHABLE_CODE = YES;
				CLANG_WARN__DUPLICATE_METHOD_MATCH = YES;
				CODE_SIGN_IDENTITY = "iPhone Developer";
				COPY_PHASE_STRIP = NO;
				DEBUG_INFORMATION_FORMAT = "dwarf-with-dsym";
				ENABLE_NS_ASSERTIONS = NO;
				ENABLE_STRICT_OBJC_MSGSEND = YES;
				GCC_C_LANGUAGE_STANDARD = gnu11;
				GCC_NO_COMMON_BLOCKS = YES;
				GCC_WARN_64_TO_32_BIT_CONVERSION = YES;
				GCC_WARN_ABOUT_RETURN_TYPE = YES_ERROR;
				GCC_WARN_UNDECLARED_SELECTOR = YES;
				GCC_WARN_UNINITIALIZED_AUTOS = YES_AGGRESSIVE;
				GCC_WARN_UNUSED_FUNCTION = YES;
				GCC_WARN_UNUSED_VARIABLE = YES;
				IPHONEOS_DEPLOYMENT_TARGET = 11.4;
				MTL_ENABLE_DEBUG_INFO = NO;
				SDKROOT = iphoneos;
				SWIFT_COMPILATION_MODE = wholemodule;
				SWIFT_OPTIMIZATION_LEVEL = "-O";
				VALIDATE_PRODUCT = YES;
			};
			name = Release;
		};
		AC7F15712165277F00C74F0A /* Debug */ = {
			isa = XCBuildConfiguration;
			buildSettings = {
				ASSETCATALOG_COMPILER_APPICON_NAME = AppIcon;
				CODE_SIGN_STYLE = Automatic;
				INFOPLIST_FILE = TableView/Info.plist;
				LD_RUNPATH_SEARCH_PATHS = (
					"$(inherited)",
					"@executable_path/Frameworks",
				);
				PRODUCT_BUNDLE_IDENTIFIER = aollintoledo.TableView;
				PRODUCT_NAME = "$(TARGET_NAME)";
				SWIFT_VERSION = 4.0;
				TARGETED_DEVICE_FAMILY = "1,2";
			};
			name = Debug;
		};
		AC7F15722165277F00C74F0A /* Release */ = {
			isa = XCBuildConfiguration;
			buildSettings = {
				ASSETCATALOG_COMPILER_APPICON_NAME = AppIcon;
				CODE_SIGN_STYLE = Automatic;
				INFOPLIST_FILE = TableView/Info.plist;
				LD_RUNPATH_SEARCH_PATHS = (
					"$(inherited)",
					"@executable_path/Frameworks",
				);
				PRODUCT_BUNDLE_IDENTIFIER = aollintoledo.TableView;
				PRODUCT_NAME = "$(TARGET_NAME)";
				SWIFT_VERSION = 4.0;
				TARGETED_DEVICE_FAMILY = "1,2";
			};
			name = Release;
		};
		AC7F15742165277F00C74F0A /* Debug */ = {
			isa = XCBuildConfiguration;
			buildSettings = {
				ALWAYS_EMBED_SWIFT_STANDARD_LIBRARIES = YES;
				BUNDLE_LOADER = "$(TEST_HOST)";
				CODE_SIGN_STYLE = Automatic;
				INFOPLIST_FILE = TableViewTests/Info.plist;
				LD_RUNPATH_SEARCH_PATHS = (
					"$(inherited)",
					"@executable_path/Frameworks",
					"@loader_path/Frameworks",
				);
				PRODUCT_BUNDLE_IDENTIFIER = aollintoledo.TableViewTests;
				PRODUCT_NAME = "$(TARGET_NAME)";
				SWIFT_VERSION = 4.0;
				TARGETED_DEVICE_FAMILY = "1,2";
				TEST_HOST = "$(BUILT_PRODUCTS_DIR)/TableView.app/TableView";
			};
			name = Debug;
		};
		AC7F15752165277F00C74F0A /* Release */ = {
			isa = XCBuildConfiguration;
			buildSettings = {
				ALWAYS_EMBED_SWIFT_STANDARD_LIBRARIES = YES;
				BUNDLE_LOADER = "$(TEST_HOST)";
				CODE_SIGN_STYLE = Automatic;
				INFOPLIST_FILE = TableViewTests/Info.plist;
				LD_RUNPATH_SEARCH_PATHS = (
					"$(inherited)",
					"@executable_path/Frameworks",
					"@loader_path/Frameworks",
				);
				PRODUCT_BUNDLE_IDENTIFIER = aollintoledo.TableViewTests;
				PRODUCT_NAME = "$(TARGET_NAME)";
				SWIFT_VERSION = 4.0;
				TARGETED_DEVICE_FAMILY = "1,2";
				TEST_HOST = "$(BUILT_PRODUCTS_DIR)/TableView.app/TableView";
			};
			name = Release;
		};
		AC7F15772165277F00C74F0A /* Debug */ = {
			isa = XCBuildConfiguration;
			buildSettings = {
				ALWAYS_EMBED_SWIFT_STANDARD_LIBRARIES = YES;
				CODE_SIGN_STYLE = Automatic;
				INFOPLIST_FILE = TableViewUITests/Info.plist;
				LD_RUNPATH_SEARCH_PATHS = (
					"$(inherited)",
					"@executable_path/Frameworks",
					"@loader_path/Frameworks",
				);
				PRODUCT_BUNDLE_IDENTIFIER = aollintoledo.TableViewUITests;
				PRODUCT_NAME = "$(TARGET_NAME)";
				SWIFT_VERSION = 4.0;
				TARGETED_DEVICE_FAMILY = "1,2";
				TEST_TARGET_NAME = TableView;
			};
			name = Debug;
		};
		AC7F15782165277F00C74F0A /* Release */ = {
			isa = XCBuildConfiguration;
			buildSettings = {
				ALWAYS_EMBED_SWIFT_STANDARD_LIBRARIES = YES;
				CODE_SIGN_STYLE = Automatic;
				INFOPLIST_FILE = TableViewUITests/Info.plist;
				LD_RUNPATH_SEARCH_PATHS = (
					"$(inherited)",
					"@executable_path/Frameworks",
					"@loader_path/Frameworks",
				);
				PRODUCT_BUNDLE_IDENTIFIER = aollintoledo.TableViewUITests;
				PRODUCT_NAME = "$(TARGET_NAME)";
				SWIFT_VERSION = 4.0;
				TARGETED_DEVICE_FAMILY = "1,2";
				TEST_TARGET_NAME = TableView;
			};
			name = Release;
		};
/* End XCBuildConfiguration section */

/* Begin XCConfigurationList section */
		AC7F15432165277E00C74F0A /* Build configuration list for PBXProject "TableView" */ = {
			isa = XCConfigurationList;
			buildConfigurations = (
				AC7F156E2165277F00C74F0A /* Debug */,
				AC7F156F2165277F00C74F0A /* Release */,
			);
			defaultConfigurationIsVisible = 0;
			defaultConfigurationName = Release;
		};
		AC7F15702165277F00C74F0A /* Build configuration list for PBXNativeTarget "TableView" */ = {
			isa = XCConfigurationList;
			buildConfigurations = (
				AC7F15712165277F00C74F0A /* Debug */,
				AC7F15722165277F00C74F0A /* Release */,
			);
			defaultConfigurationIsVisible = 0;
			defaultConfigurationName = Release;
		};
		AC7F15732165277F00C74F0A /* Build configuration list for PBXNativeTarget "TableViewTests" */ = {
			isa = XCConfigurationList;
			buildConfigurations = (
				AC7F15742165277F00C74F0A /* Debug */,
				AC7F15752165277F00C74F0A /* Release */,
			);
			defaultConfigurationIsVisible = 0;
			defaultConfigurationName = Release;
		};
		AC7F15762165277F00C74F0A /* Build configuration list for PBXNativeTarget "TableViewUITests" */ = {
			isa = XCConfigurationList;
			buildConfigurations = (
				AC7F15772165277F00C74F0A /* Debug */,
				AC7F15782165277F00C74F0A /* Release */,
			);
			defaultConfigurationIsVisible = 0;
			defaultConfigurationName = Release;
		};
/* End XCConfigurationList section */
	};
	rootObject = AC7F15402165277E00C74F0A /* Project object */;
}
